
Microsoft Visual Studio Solution File, Format Version 12.00
# Visual Studio Version 16
VisualStudioVersion = 16.0.29905.134
MinimumVisualStudioVersion = 15.0.26124.0
Project("{9A19103F-16F7-4668-BE54-9A1E7A4F7556}") = "Voice-Pusher", "Voice-Pusher\Voice-Pusher.csproj", "{91E8476F-EC7D-4EE3-9024-2E86B23ABB4A}"
EndProject
Project("{9A19103F-16F7-4668-BE54-9A1E7A4F7556}") = "CommonUILibrary", "CommonUILibrary\CommonUILibrary.csproj", "{B20E8271-6BCB-4DE7-871F-CB97FE4D9A91}"
EndProject
Project("{9A19103F-16F7-4668-BE54-9A1E7A4F7556}") = "CommonLibrary", "CommonLibrary\CommonLibrary.csproj", "{886723EB-7CE5-4A5C-B0FE-AAED87BDDFC6}"
EndProject
Project("{2150E333-8FDC-42A3-9474-1A3956D46DE8}") = "Test", "Test", "{541DEEDD-A1A7-43C0-B6EE-53BA4A01E13F}"
EndProject
Project("{9A19103F-16F7-4668-BE54-9A1E7A4F7556}") = "UITest", "Test\UITest\UITest.csproj", "{BB737463-7A4B-4D55-9AB1-9680F0A40E77}"
EndProject
Project("{9A19103F-16F7-4668-BE54-9A1E7A4F7556}") = "CoreUILibrary", "CoreUILibrary\CoreUILibrary.csproj", "{17D3B22C-E99C-40BB-BD42-A74E30B95D1F}"
EndProject
Project("{9A19103F-16F7-4668-BE54-9A1E7A4F7556}") = "CoreUILibraryTest", "Test\CoreUILibraryTest\CoreUILibraryTest.csproj", "{55BEE880-1AED-4567-BFE0-9F2BF97DBA91}"
EndProject
Project("{2150E333-8FDC-42A3-9474-1A3956D46DE8}") = "VoiceLibrary", "VoiceLibrary", "{B92FA6E3-B5DF-4BB0-9443-856DB60DA980}"
EndProject
Project("{9A19103F-16F7-4668-BE54-9A1E7A4F7556}") = "SAP", "VoiceLibrary\SAP\SAP.csproj", "{4BA541FC-1A6D-4051-A6CF-24F8E46B7D1E}"
EndProject
Global
	GlobalSection(SolutionConfigurationPlatforms) = preSolution
		Debug|Any CPU = Debug|Any CPU
		Debug|x64 = Debug|x64
		Debug|x86 = Debug|x86
		Release|Any CPU = Release|Any CPU
		Release|x64 = Release|x64
		Release|x86 = Release|x86
	EndGlobalSection
	GlobalSection(ProjectConfigurationPlatforms) = postSolution
		{91E8476F-EC7D-4EE3-9024-2E86B23ABB4A}.Debug|Any CPU.ActiveCfg = Debug|x86
		{91E8476F-EC7D-4EE3-9024-2E86B23ABB4A}.Debug|x64.ActiveCfg = Debug|x86
		{91E8476F-EC7D-4EE3-9024-2E86B23ABB4A}.Debug|x86.ActiveCfg = Debug|x86
		{91E8476F-EC7D-4EE3-9024-2E86B23ABB4A}.Debug|x86.Build.0 = Debug|x86
		{91E8476F-EC7D-4EE3-9024-2E86B23ABB4A}.Release|Any CPU.ActiveCfg = Release|x86
		{91E8476F-EC7D-4EE3-9024-2E86B23ABB4A}.Release|x64.ActiveCfg = Release|x86
		{91E8476F-EC7D-4EE3-9024-2E86B23ABB4A}.Release|x86.ActiveCfg = Release|x86
		{91E8476F-EC7D-4EE3-9024-2E86B23ABB4A}.Release|x86.Build.0 = Release|x86
		{B20E8271-6BCB-4DE7-871F-CB97FE4D9A91}.Debug|Any CPU.ActiveCfg = Debug|x86
		{B20E8271-6BCB-4DE7-871F-CB97FE4D9A91}.Debug|x64.ActiveCfg = Debug|x86
		{B20E8271-6BCB-4DE7-871F-CB97FE4D9A91}.Debug|x86.ActiveCfg = Debug|x86
		{B20E8271-6BCB-4DE7-871F-CB97FE4D9A91}.Debug|x86.Build.0 = Debug|x86
		{B20E8271-6BCB-4DE7-871F-CB97FE4D9A91}.Release|Any CPU.ActiveCfg = Release|x86
		{B20E8271-6BCB-4DE7-871F-CB97FE4D9A91}.Release|x64.ActiveCfg = Release|x86
		{B20E8271-6BCB-4DE7-871F-CB97FE4D9A91}.Release|x86.ActiveCfg = Release|x86
		{B20E8271-6BCB-4DE7-871F-CB97FE4D9A91}.Release|x86.Build.0 = Release|x86
		{886723EB-7CE5-4A5C-B0FE-AAED87BDDFC6}.Debug|Any CPU.ActiveCfg = Debug|x86
		{886723EB-7CE5-4A5C-B0FE-AAED87BDDFC6}.Debug|Any CPU.Build.0 = Debug|x86
		{886723EB-7CE5-4A5C-B0FE-AAED87BDDFC6}.Debug|x64.ActiveCfg = Debug|x86
		{886723EB-7CE5-4A5C-B0FE-AAED87BDDFC6}.Debug|x64.Build.0 = Debug|x86
		{886723EB-7CE5-4A5C-B0FE-AAED87BDDFC6}.Debug|x86.ActiveCfg = Debug|x86
		{886723EB-7CE5-4A5C-B0FE-AAED87BDDFC6}.Debug|x86.Build.0 = Debug|x86
		{886723EB-7CE5-4A5C-B0FE-AAED87BDDFC6}.Release|Any CPU.ActiveCfg = Release|x86
		{886723EB-7CE5-4A5C-B0FE-AAED87BDDFC6}.Release|Any CPU.Build.0 = Release|x86
		{886723EB-7CE5-4A5C-B0FE-AAED87BDDFC6}.Release|x64.ActiveCfg = Release|x86
		{886723EB-7CE5-4A5C-B0FE-AAED87BDDFC6}.Release|x64.Build.0 = Release|x86
		{886723EB-7CE5-4A5C-B0FE-AAED87BDDFC6}.Release|x86.ActiveCfg = Release|x86
		{886723EB-7CE5-4A5C-B0FE-AAED87BDDFC6}.Release|x86.Build.0 = Release|x86
		{BB737463-7A4B-4D55-9AB1-9680F0A40E77}.Debug|Any CPU.ActiveCfg = Debug|x86
		{BB737463-7A4B-4D55-9AB1-9680F0A40E77}.Debug|x64.ActiveCfg = Debug|x86
		{BB737463-7A4B-4D55-9AB1-9680F0A40E77}.Debug|x86.ActiveCfg = Debug|x86
		{BB737463-7A4B-4D55-9AB1-9680F0A40E77}.Debug|x86.Build.0 = Debug|x86
		{BB737463-7A4B-4D55-9AB1-9680F0A40E77}.Release|Any CPU.ActiveCfg = Release|x86
		{BB737463-7A4B-4D55-9AB1-9680F0A40E77}.Release|x64.ActiveCfg = Release|x86
		{BB737463-7A4B-4D55-9AB1-9680F0A40E77}.Release|x86.ActiveCfg = Release|x86
		{BB737463-7A4B-4D55-9AB1-9680F0A40E77}.Release|x86.Build.0 = Release|x86
		{17D3B22C-E99C-40BB-BD42-A74E30B95D1F}.Debug|Any CPU.ActiveCfg = Debug|x86
		{17D3B22C-E99C-40BB-BD42-A74E30B95D1F}.Debug|x64.ActiveCfg = Debug|x86
		{17D3B22C-E99C-40BB-BD42-A74E30B95D1F}.Debug|x86.ActiveCfg = Debug|x86
		{17D3B22C-E99C-40BB-BD42-A74E30B95D1F}.Debug|x86.Build.0 = Debug|x86
		{17D3B22C-E99C-40BB-BD42-A74E30B95D1F}.Release|Any CPU.ActiveCfg = Release|x86
		{17D3B22C-E99C-40BB-BD42-A74E30B95D1F}.Release|x64.ActiveCfg = Release|x86
		{17D3B22C-E99C-40BB-BD42-A74E30B95D1F}.Release|x86.ActiveCfg = Release|x86
		{17D3B22C-E99C-40BB-BD42-A74E30B95D1F}.Release|x86.Build.0 = Release|x86
		{55BEE880-1AED-4567-BFE0-9F2BF97DBA91}.Debug|Any CPU.ActiveCfg = Debug|x86
		{55BEE880-1AED-4567-BFE0-9F2BF97DBA91}.Debug|x64.ActiveCfg = Debug|x86
		{55BEE880-1AED-4567-BFE0-9F2BF97DBA91}.Debug|x86.ActiveCfg = Debug|x86
		{55BEE880-1AED-4567-BFE0-9F2BF97DBA91}.Debug|x86.Build.0 = Debug|x86
		{55BEE880-1AED-4567-BFE0-9F2BF97DBA91}.Release|Any CPU.ActiveCfg = Release|x86
		{55BEE880-1AED-4567-BFE0-9F2BF97DBA91}.Release|x64.ActiveCfg = Release|x86
		{55BEE880-1AED-4567-BFE0-9F2BF97DBA91}.Release|x86.ActiveCfg = Release|x86
		{55BEE880-1AED-4567-BFE0-9F2BF97DBA91}.Release|x86.Build.0 = Release|x86
		{4BA541FC-1A6D-4051-A6CF-24F8E46B7D1E}.Debug|Any CPU.ActiveCfg = Debug|x86
		{4BA541FC-1A6D-4051-A6CF-24F8E46B7D1E}.Debug|x64.ActiveCfg = Debug|x86
		{4BA541FC-1A6D-4051-A6CF-24F8E46B7D1E}.Debug|x86.ActiveCfg = Debug|x86
		{4BA541FC-1A6D-4051-A6CF-24F8E46B7D1E}.Debug|x86.Build.0 = Debug|x86
		{4BA541FC-1A6D-4051-A6CF-24F8E46B7D1E}.Release|Any CPU.ActiveCfg = Release|x86
		{4BA541FC-1A6D-4051-A6CF-24F8E46B7D1E}.Release|x64.ActiveCfg = Release|x86
		{4BA541FC-1A6D-4051-A6CF-24F8E46B7D1E}.Release|x86.ActiveCfg = Release|x86
		{4BA541FC-1A6D-4051-A6CF-24F8E46B7D1E}.Release|x86.Build.0 = Release|x86
	EndGlobalSection
	GlobalSection(SolutionProperties) = preSolution
		HideSolutionNode = FALSE
	EndGlobalSection
	GlobalSection(NestedProjects) = preSolution
		{BB737463-7A4B-4D55-9AB1-9680F0A40E77} = {541DEEDD-A1A7-43C0-B6EE-53BA4A01E13F}
		{55BEE880-1AED-4567-BFE0-9F2BF97DBA91} = {541DEEDD-A1A7-43C0-B6EE-53BA4A01E13F}
		{4BA541FC-1A6D-4051-A6CF-24F8E46B7D1E} = {B92FA6E3-B5DF-4BB0-9443-856DB60DA980}
	EndGlobalSection
	GlobalSection(ExtensibilityGlobals) = postSolution
		SolutionGuid = {971D88E2-EB7C-476A-9A9F-1920F87EB114}
	EndGlobalSection
EndGlobal
